
Microsoft Visual Studio Solution File, Format Version 12.00
# Visual Studio 15
VisualStudioVersion = 15.0.26228.9
MinimumVisualStudioVersion = 10.0.40219.1
Project("{FAE04EC0-301F-11D3-BF4B-00C04F79EFBC}") = "CoTube", "CoTube\CoTube.csproj", "{77E3CEFB-A25C-4B77-B2E1-65BD56A3FD48}"
EndProject
Project("{FAE04EC0-301F-11D3-BF4B-00C04F79EFBC}") = "YoutubeLibrary", "YoutubeLibrary\YoutubeLibrary.csproj", "{E987C437-9B1D-44F5-ADE5-A6CF7B276CA6}"
EndProject
Project("{FAE04EC0-301F-11D3-BF4B-00C04F79EFBC}") = "YoutubeLibraryTest", "YoutubeLibraryTest\YoutubeLibraryTest.csproj", "{AA94C0DD-9838-4CFB-8263-08F2886087FE}"
EndProject
Project("{FAE04EC0-301F-11D3-BF4B-00C04F79EFBC}") = "CoTubeAccountManager", "CoTubeAccountManager\CoTubeAccountManager.csproj", "{631165B1-F577-4896-980B-2A07A5583044}"
EndProject
Project("{FAE04EC0-301F-11D3-BF4B-00C04F79EFBC}") = "UsefullUtilitiesLibrary", "..\Gram-MultiTool-2\UsefullUtilitiesLibrary\UsefullUtilitiesLibrary.csproj", "{2D967EDE-0396-40D8-9C14-69A87E38E45A}"
EndProject
Project("{FAE04EC0-301F-11D3-BF4B-00C04F79EFBC}") = "CoTubeAccountManagerTest", "CoTubeAccountManagerTest\CoTubeAccountManagerTest.csproj", "{3F8E9E9D-6708-49F0-B814-ED1622E4A108}"
EndProject
Global
	GlobalSection(SolutionConfigurationPlatforms) = preSolution
		Debug|Any CPU = Debug|Any CPU
		Release|Any CPU = Release|Any CPU
	EndGlobalSection
	GlobalSection(ProjectConfigurationPlatforms) = postSolution
		{77E3CEFB-A25C-4B77-B2E1-65BD56A3FD48}.Debug|Any CPU.ActiveCfg = Debug|Any CPU
		{77E3CEFB-A25C-4B77-B2E1-65BD56A3FD48}.Debug|Any CPU.Build.0 = Debug|Any CPU
		{77E3CEFB-A25C-4B77-B2E1-65BD56A3FD48}.Release|Any CPU.ActiveCfg = Release|Any CPU
		{77E3CEFB-A25C-4B77-B2E1-65BD56A3FD48}.Release|Any CPU.Build.0 = Release|Any CPU
		{E987C437-9B1D-44F5-ADE5-A6CF7B276CA6}.Debug|Any CPU.ActiveCfg = Debug|Any CPU
		{E987C437-9B1D-44F5-ADE5-A6CF7B276CA6}.Debug|Any CPU.Build.0 = Debug|Any CPU
		{E987C437-9B1D-44F5-ADE5-A6CF7B276CA6}.Release|Any CPU.ActiveCfg = Release|Any CPU
		{E987C437-9B1D-44F5-ADE5-A6CF7B276CA6}.Release|Any CPU.Build.0 = Release|Any CPU
		{AA94C0DD-9838-4CFB-8263-08F2886087FE}.Debug|Any CPU.ActiveCfg = Debug|Any CPU
		{AA94C0DD-9838-4CFB-8263-08F2886087FE}.Debug|Any CPU.Build.0 = Debug|Any CPU
		{AA94C0DD-9838-4CFB-8263-08F2886087FE}.Release|Any CPU.ActiveCfg = Release|Any CPU
		{AA94C0DD-9838-4CFB-8263-08F2886087FE}.Release|Any CPU.Build.0 = Release|Any CPU
		{631165B1-F577-4896-980B-2A07A5583044}.Debug|Any CPU.ActiveCfg = Debug|Any CPU
		{631165B1-F577-4896-980B-2A07A5583044}.Debug|Any CPU.Build.0 = Debug|Any CPU
		{631165B1-F577-4896-980B-2A07A5583044}.Release|Any CPU.ActiveCfg = Release|Any CPU
		{631165B1-F577-4896-980B-2A07A5583044}.Release|Any CPU.Build.0 = Release|Any CPU
		{2D967EDE-0396-40D8-9C14-69A87E38E45A}.Debug|Any CPU.ActiveCfg = Debug|Any CPU
		{2D967EDE-0396-40D8-9C14-69A87E38E45A}.Debug|Any CPU.Build.0 = Debug|Any CPU
		{2D967EDE-0396-40D8-9C14-69A87E38E45A}.Release|Any CPU.ActiveCfg = Release|Any CPU
		{2D967EDE-0396-40D8-9C14-69A87E38E45A}.Release|Any CPU.Build.0 = Release|Any CPU
		{3F8E9E9D-6708-49F0-B814-ED1622E4A108}.Debug|Any CPU.ActiveCfg = Debug|Any CPU
		{3F8E9E9D-6708-49F0-B814-ED1622E4A108}.Debug|Any CPU.Build.0 = Debug|Any CPU
		{3F8E9E9D-6708-49F0-B814-ED1622E4A108}.Release|Any CPU.ActiveCfg = Release|Any CPU
		{3F8E9E9D-6708-49F0-B814-ED1622E4A108}.Release|Any CPU.Build.0 = Release|Any CPU
	EndGlobalSection
	GlobalSection(SolutionProperties) = preSolution
		HideSolutionNode = FALSE
	EndGlobalSection
EndGlobal
